
Microsoft Visual Studio Solution File, Format Version 12.00
# Visual Studio 15
VisualStudioVersion = 15.0.28307.421
MinimumVisualStudioVersion = 10.0.40219.1
Project("{FAE04EC0-301F-11D3-BF4B-00C04F79EFBC}") = "ClipboardTranslate", "ClipboardTranslate\ClipboardTranslate.csproj", "{0091F16F-07D7-4019-988B-7DF1A3343751}"
EndProject
Global
	GlobalSection(SolutionConfigurationPlatforms) = preSolution
		Debug|Any CPU = Debug|Any CPU
		Release|Any CPU = Release|Any CPU
	EndGlobalSection
	GlobalSection(ProjectConfigurationPlatforms) = postSolution
		{0091F16F-07D7-4019-988B-7DF1A3343751}.Debug|Any CPU.ActiveCfg = Debug|Any CPU
		{0091F16F-07D7-4019-988B-7DF1A3343751}.Debug|Any CPU.Build.0 = Debug|Any CPU
		{0091F16F-07D7-4019-988B-7DF1A3343751}.Release|Any CPU.ActiveCfg = Release|Any CPU
		{0091F16F-07D7-4019-988B-7DF1A3343751}.Release|Any CPU.Build.0 = Release|Any CPU
	EndGlobalSection
	GlobalSection(SolutionProperties) = preSolution
		HideSolutionNode = FALSE
	EndGlobalSection
	GlobalSection(ExtensibilityGlobals) = postSolution
		SolutionGuid = {8790AE92-FCFB-4B36-B89B-9739D5FD164F}
	EndGlobalSection
EndGlobal
